
Microsoft Visual Studio Solution File, Format Version 12.00
# Visual Studio Version 16
VisualStudioVersion = 16.0.28803.202
MinimumVisualStudioVersion = 10.0.40219.1
Project("{9A19103F-16F7-4668-BE54-9A1E7A4F7556}") = "Arkane.Annotations", "Arkane.Annotations\Arkane.Annotations.csproj", "{11843EB8-8C8C-4741-B385-C26796B798BB}"
EndProject
Project("{2150E333-8FDC-42A3-9474-1A3956D46DE8}") = "Solution Items", "Solution Items", "{50CB92DF-DBF7-4E83-93B4-04A9895F6E94}"
	ProjectSection(SolutionItems) = preProject
		..\.gitignore = ..\.gitignore
		Directory.Build.props = Directory.Build.props
		..\LICENSE = ..\LICENSE
		..\README.md = ..\README.md
	EndProjectSection
EndProject
Project("{D954291E-2A0B-460D-934E-DC6B0785DB48}") = "Shared", "Shared\Shared.shproj", "{8902BBE9-DF51-45D6-81D0-310C7A717ED9}"
EndProject
Project("{D954291E-2A0B-460D-934E-DC6B0785DB48}") = "docs", "..\docs\docs.shproj", "{5C5D63CB-13FD-4D1A-B3D5-620AC45FEE20}"
EndProject
Project("{9A19103F-16F7-4668-BE54-9A1E7A4F7556}") = "Arkane.Core", "Arkane.Core\Arkane.Core.csproj", "{38AA0479-2769-4C3F-B152-FCA8478EA06A}"
EndProject
Global
	GlobalSection(SharedMSBuildProjectFiles) = preSolution
		Shared\Shared.projitems*{11843eb8-8c8c-4741-b385-c26796b798bb}*SharedItemsImports = 5
		Shared\Shared.projitems*{38aa0479-2769-4c3f-b152-fca8478ea06a}*SharedItemsImports = 5
		..\docs\docs.projitems*{5c5d63cb-13fd-4d1a-b3d5-620ac45fee20}*SharedItemsImports = 13
		Shared\Shared.projitems*{8902bbe9-df51-45d6-81d0-310c7a717ed9}*SharedItemsImports = 13
	EndGlobalSection
	GlobalSection(SolutionConfigurationPlatforms) = preSolution
		Debug|Any CPU = Debug|Any CPU
		Release|Any CPU = Release|Any CPU
	EndGlobalSection
	GlobalSection(ProjectConfigurationPlatforms) = postSolution
		{11843EB8-8C8C-4741-B385-C26796B798BB}.Debug|Any CPU.ActiveCfg = Debug|Any CPU
		{11843EB8-8C8C-4741-B385-C26796B798BB}.Debug|Any CPU.Build.0 = Debug|Any CPU
		{11843EB8-8C8C-4741-B385-C26796B798BB}.Release|Any CPU.ActiveCfg = Release|Any CPU
		{11843EB8-8C8C-4741-B385-C26796B798BB}.Release|Any CPU.Build.0 = Release|Any CPU
		{38AA0479-2769-4C3F-B152-FCA8478EA06A}.Debug|Any CPU.ActiveCfg = Debug|Any CPU
		{38AA0479-2769-4C3F-B152-FCA8478EA06A}.Debug|Any CPU.Build.0 = Debug|Any CPU
		{38AA0479-2769-4C3F-B152-FCA8478EA06A}.Release|Any CPU.ActiveCfg = Release|Any CPU
		{38AA0479-2769-4C3F-B152-FCA8478EA06A}.Release|Any CPU.Build.0 = Release|Any CPU
	EndGlobalSection
	GlobalSection(SolutionProperties) = preSolution
		HideSolutionNode = FALSE
	EndGlobalSection
	GlobalSection(ExtensibilityGlobals) = postSolution
		SolutionGuid = {B52F0E89-0C87-41C0-820A-0DBC6D1BA871}
	EndGlobalSection
EndGlobal
